
Microsoft Visual Studio Solution File, Format Version 12.00
Project("{FAE04EC0-301F-11D3-BF4B-00C04F79EFBC}") = "Code", "Code\Code.csproj", "{8800E9D0-E65A-45BA-AE83-6981D6D5D6F7}"
EndProject
Project("{FAE04EC0-301F-11D3-BF4B-00C04F79EFBC}") = "Tests", "Tests\Tests.csproj", "{B69B6BEA-A17F-40A2-B058-817534069E01}"
EndProject
Global
	GlobalSection(SolutionConfigurationPlatforms) = preSolution
		Debug|Any CPU = Debug|Any CPU
		Release|Any CPU = Release|Any CPU
	EndGlobalSection
	GlobalSection(ProjectConfigurationPlatforms) = postSolution
		{8800E9D0-E65A-45BA-AE83-6981D6D5D6F7}.Debug|Any CPU.ActiveCfg = Debug|Any CPU
		{8800E9D0-E65A-45BA-AE83-6981D6D5D6F7}.Debug|Any CPU.Build.0 = Debug|Any CPU
		{8800E9D0-E65A-45BA-AE83-6981D6D5D6F7}.Release|Any CPU.ActiveCfg = Release|Any CPU
		{8800E9D0-E65A-45BA-AE83-6981D6D5D6F7}.Release|Any CPU.Build.0 = Release|Any CPU
		{B69B6BEA-A17F-40A2-B058-817534069E01}.Debug|Any CPU.ActiveCfg = Debug|Any CPU
		{B69B6BEA-A17F-40A2-B058-817534069E01}.Debug|Any CPU.Build.0 = Debug|Any CPU
		{B69B6BEA-A17F-40A2-B058-817534069E01}.Release|Any CPU.ActiveCfg = Release|Any CPU
		{B69B6BEA-A17F-40A2-B058-817534069E01}.Release|Any CPU.Build.0 = Release|Any CPU
	EndGlobalSection
EndGlobal
